
Microsoft Visual Studio Solution File, Format Version 12.00
# Visual Studio Version 18
VisualStudioVersion = 18.7.11911.148 stable
MinimumVisualStudioVersion = 10.0.40219.1
Project("{2150E333-8FDC-42A3-9474-1A3956D46DE8}") = "Services", "Services", "{02EA681E-C7D8-13C7-8484-4AC65E1B71E8}"
EndProject
Project("{2150E333-8FDC-42A3-9474-1A3956D46DE8}") = "Catalog", "Catalog", "{50C3CADB-1B85-4243-986C-BCEA7A04A85D}"
EndProject
Project("{FAE04EC0-301F-11D3-BF4B-00C04F79EFBC}") = "Catalog.API", "Services\Catalog\Catalog.API\Catalog.API.csproj", "{AAC1ABD7-C714-4DE2-BD22-2572613C2A99}"
EndProject
Project("{FAE04EC0-301F-11D3-BF4B-00C04F79EFBC}") = "Catalog.Application", "Services\Catalog\Catalog.Application\Catalog.Application.csproj", "{CBBC609D-3206-4DE9-B8EC-9DCFCB8A28E6}"
EndProject
Project("{FAE04EC0-301F-11D3-BF4B-00C04F79EFBC}") = "Catalog.Core", "Services\Catalog\Catalog.Core\Catalog.Core.csproj", "{D5A8D7FA-4F57-4D45-9A05-4F6B74E4D607}"
EndProject
Project("{FAE04EC0-301F-11D3-BF4B-00C04F79EFBC}") = "Catalog.Infrastructure", "Services\Catalog\Catalog.Infrastructure\Catalog.Infrastructure.csproj", "{39D9BE2B-1F2C-4E45-993D-ACFED0CB9439}"
EndProject
Project("{E53339B2-1760-4266-BCC7-CA923CBCF16C}") = "docker-compose", "docker-compose.dcproj", "{81DDED9D-158B-E303-5F62-77A2896D2A5A}"
EndProject
Project("{2150E333-8FDC-42A3-9474-1A3956D46DE8}") = "Basket", "Basket", "{E254242C-D8D6-423F-B479-8061BF7FFBAA}"
EndProject
Project("{FAE04EC0-301F-11D3-BF4B-00C04F79EFBC}") = "Basket.API", "Services\Basket\Basket.API\Basket.API.csproj", "{FA7EA5F7-677F-4FE9-A410-4519A32508CF}"
EndProject
Project("{FAE04EC0-301F-11D3-BF4B-00C04F79EFBC}") = "Basket.Application", "Services\Basket\Basket.Application\Basket.Application.csproj", "{2F401F01-93DB-41F2-B59C-4145F22BBBD3}"
EndProject
Project("{FAE04EC0-301F-11D3-BF4B-00C04F79EFBC}") = "Basket.Core", "Services\Basket\Basket.Core\Basket.Core.csproj", "{C817A6A9-7BF6-410F-B62E-836B35A619CE}"
EndProject
Project("{FAE04EC0-301F-11D3-BF4B-00C04F79EFBC}") = "Basket.Infrastructure", "Services\Basket\Basket.Infrastructure\Basket.Infrastructure.csproj", "{9E429969-18DA-4670-BEDC-67F5863D2F1E}"
EndProject
Project("{2150E333-8FDC-42A3-9474-1A3956D46DE8}") = "Discount", "Discount", "{1422098B-694B-4608-A060-B29CEBFB8789}"
EndProject
Project("{FAE04EC0-301F-11D3-BF4B-00C04F79EFBC}") = "Discount.API", "Services\Discount\Discount.API\Discount.API.csproj", "{3F4C39BD-5E2A-431E-9AB7-1CFD2BEA24D2}"
EndProject
Project("{FAE04EC0-301F-11D3-BF4B-00C04F79EFBC}") = "Discount.Application", "Services\Discount\Discount.Application\Discount.Application.csproj", "{0C65803E-494D-4C87-BE54-E2DF6B004AC6}"
EndProject
Project("{FAE04EC0-301F-11D3-BF4B-00C04F79EFBC}") = "Discount.Core", "Services\Discount\Discount.Core\Discount.Core.csproj", "{374D1546-26D2-4932-B070-158DB2865060}"
EndProject
Project("{FAE04EC0-301F-11D3-BF4B-00C04F79EFBC}") = "Discount.Infrastructure", "Services\Discount\Discount.Infrastructure\Discount.Infrastructure.csproj", "{E826F2EF-4A31-481F-9D02-1686CE1C7BB0}"
EndProject
Global
	GlobalSection(SolutionConfigurationPlatforms) = preSolution
		Debug|Any CPU = Debug|Any CPU
		Release|Any CPU = Release|Any CPU
	EndGlobalSection
	GlobalSection(ProjectConfigurationPlatforms) = postSolution
		{AAC1ABD7-C714-4DE2-BD22-2572613C2A99}.Debug|Any CPU.ActiveCfg = Debug|Any CPU
		{AAC1ABD7-C714-4DE2-BD22-2572613C2A99}.Debug|Any CPU.Build.0 = Debug|Any CPU
		{AAC1ABD7-C714-4DE2-BD22-2572613C2A99}.Release|Any CPU.ActiveCfg = Release|Any CPU
		{AAC1ABD7-C714-4DE2-BD22-2572613C2A99}.Release|Any CPU.Build.0 = Release|Any CPU
		{CBBC609D-3206-4DE9-B8EC-9DCFCB8A28E6}.Debug|Any CPU.ActiveCfg = Debug|Any CPU
		{CBBC609D-3206-4DE9-B8EC-9DCFCB8A28E6}.Debug|Any CPU.Build.0 = Debug|Any CPU
		{CBBC609D-3206-4DE9-B8EC-9DCFCB8A28E6}.Release|Any CPU.ActiveCfg = Release|Any CPU
		{CBBC609D-3206-4DE9-B8EC-9DCFCB8A28E6}.Release|Any CPU.Build.0 = Release|Any CPU
		{D5A8D7FA-4F57-4D45-9A05-4F6B74E4D607}.Debug|Any CPU.ActiveCfg = Debug|Any CPU
		{D5A8D7FA-4F57-4D45-9A05-4F6B74E4D607}.Debug|Any CPU.Build.0 = Debug|Any CPU
		{D5A8D7FA-4F57-4D45-9A05-4F6B74E4D607}.Release|Any CPU.ActiveCfg = Release|Any CPU
		{D5A8D7FA-4F57-4D45-9A05-4F6B74E4D607}.Release|Any CPU.Build.0 = Release|Any CPU
		{39D9BE2B-1F2C-4E45-993D-ACFED0CB9439}.Debug|Any CPU.ActiveCfg = Debug|Any CPU
		{39D9BE2B-1F2C-4E45-993D-ACFED0CB9439}.Debug|Any CPU.Build.0 = Debug|Any CPU
		{39D9BE2B-1F2C-4E45-993D-ACFED0CB9439}.Release|Any CPU.ActiveCfg = Release|Any CPU
		{39D9BE2B-1F2C-4E45-993D-ACFED0CB9439}.Release|Any CPU.Build.0 = Release|Any CPU
		{81DDED9D-158B-E303-5F62-77A2896D2A5A}.Debug|Any CPU.ActiveCfg = Debug|Any CPU
		{81DDED9D-158B-E303-5F62-77A2896D2A5A}.Debug|Any CPU.Build.0 = Debug|Any CPU
		{81DDED9D-158B-E303-5F62-77A2896D2A5A}.Release|Any CPU.ActiveCfg = Release|Any CPU
		{81DDED9D-158B-E303-5F62-77A2896D2A5A}.Release|Any CPU.Build.0 = Release|Any CPU
		{FA7EA5F7-677F-4FE9-A410-4519A32508CF}.Debug|Any CPU.ActiveCfg = Debug|Any CPU
		{FA7EA5F7-677F-4FE9-A410-4519A32508CF}.Debug|Any CPU.Build.0 = Debug|Any CPU
		{FA7EA5F7-677F-4FE9-A410-4519A32508CF}.Release|Any CPU.ActiveCfg = Release|Any CPU
		{FA7EA5F7-677F-4FE9-A410-4519A32508CF}.Release|Any CPU.Build.0 = Release|Any CPU
		{2F401F01-93DB-41F2-B59C-4145F22BBBD3}.Debug|Any CPU.ActiveCfg = Debug|Any CPU
		{2F401F01-93DB-41F2-B59C-4145F22BBBD3}.Debug|Any CPU.Build.0 = Debug|Any CPU
		{2F401F01-93DB-41F2-B59C-4145F22BBBD3}.Release|Any CPU.ActiveCfg = Release|Any CPU
		{2F401F01-93DB-41F2-B59C-4145F22BBBD3}.Release|Any CPU.Build.0 = Release|Any CPU
		{C817A6A9-7BF6-410F-B62E-836B35A619CE}.Debug|Any CPU.ActiveCfg = Debug|Any CPU
		{C817A6A9-7BF6-410F-B62E-836B35A619CE}.Debug|Any CPU.Build.0 = Debug|Any CPU
		{C817A6A9-7BF6-410F-B62E-836B35A619CE}.Release|Any CPU.ActiveCfg = Release|Any CPU
		{C817A6A9-7BF6-410F-B62E-836B35A619CE}.Release|Any CPU.Build.0 = Release|Any CPU
		{9E429969-18DA-4670-BEDC-67F5863D2F1E}.Debug|Any CPU.ActiveCfg = Debug|Any CPU
		{9E429969-18DA-4670-BEDC-67F5863D2F1E}.Debug|Any CPU.Build.0 = Debug|Any CPU
		{9E429969-18DA-4670-BEDC-67F5863D2F1E}.Release|Any CPU.ActiveCfg = Release|Any CPU
		{9E429969-18DA-4670-BEDC-67F5863D2F1E}.Release|Any CPU.Build.0 = Release|Any CPU
		{3F4C39BD-5E2A-431E-9AB7-1CFD2BEA24D2}.Debug|Any CPU.ActiveCfg = Debug|Any CPU
		{3F4C39BD-5E2A-431E-9AB7-1CFD2BEA24D2}.Debug|Any CPU.Build.0 = Debug|Any CPU
		{3F4C39BD-5E2A-431E-9AB7-1CFD2BEA24D2}.Release|Any CPU.ActiveCfg = Release|Any CPU
		{3F4C39BD-5E2A-431E-9AB7-1CFD2BEA24D2}.Release|Any CPU.Build.0 = Release|Any CPU
		{0C65803E-494D-4C87-BE54-E2DF6B004AC6}.Debug|Any CPU.ActiveCfg = Debug|Any CPU
		{0C65803E-494D-4C87-BE54-E2DF6B004AC6}.Debug|Any CPU.Build.0 = Debug|Any CPU
		{0C65803E-494D-4C87-BE54-E2DF6B004AC6}.Release|Any CPU.ActiveCfg = Release|Any CPU
		{0C65803E-494D-4C87-BE54-E2DF6B004AC6}.Release|Any CPU.Build.0 = Release|Any CPU
		{374D1546-26D2-4932-B070-158DB2865060}.Debug|Any CPU.ActiveCfg = Debug|Any CPU
		{374D1546-26D2-4932-B070-158DB2865060}.Debug|Any CPU.Build.0 = Debug|Any CPU
		{374D1546-26D2-4932-B070-158DB2865060}.Release|Any CPU.ActiveCfg = Release|Any CPU
		{374D1546-26D2-4932-B070-158DB2865060}.Release|Any CPU.Build.0 = Release|Any CPU
		{E826F2EF-4A31-481F-9D02-1686CE1C7BB0}.Debug|Any CPU.ActiveCfg = Debug|Any CPU
		{E826F2EF-4A31-481F-9D02-1686CE1C7BB0}.Debug|Any CPU.Build.0 = Debug|Any CPU
		{E826F2EF-4A31-481F-9D02-1686CE1C7BB0}.Release|Any CPU.ActiveCfg = Release|Any CPU
		{E826F2EF-4A31-481F-9D02-1686CE1C7BB0}.Release|Any CPU.Build.0 = Release|Any CPU
	EndGlobalSection
	GlobalSection(SolutionProperties) = preSolution
		HideSolutionNode = FALSE
	EndGlobalSection
	GlobalSection(NestedProjects) = preSolution
		{50C3CADB-1B85-4243-986C-BCEA7A04A85D} = {02EA681E-C7D8-13C7-8484-4AC65E1B71E8}
		{AAC1ABD7-C714-4DE2-BD22-2572613C2A99} = {50C3CADB-1B85-4243-986C-BCEA7A04A85D}
		{CBBC609D-3206-4DE9-B8EC-9DCFCB8A28E6} = {50C3CADB-1B85-4243-986C-BCEA7A04A85D}
		{D5A8D7FA-4F57-4D45-9A05-4F6B74E4D607} = {50C3CADB-1B85-4243-986C-BCEA7A04A85D}
		{39D9BE2B-1F2C-4E45-993D-ACFED0CB9439} = {50C3CADB-1B85-4243-986C-BCEA7A04A85D}
		{E254242C-D8D6-423F-B479-8061BF7FFBAA} = {02EA681E-C7D8-13C7-8484-4AC65E1B71E8}
		{FA7EA5F7-677F-4FE9-A410-4519A32508CF} = {E254242C-D8D6-423F-B479-8061BF7FFBAA}
		{2F401F01-93DB-41F2-B59C-4145F22BBBD3} = {E254242C-D8D6-423F-B479-8061BF7FFBAA}
		{C817A6A9-7BF6-410F-B62E-836B35A619CE} = {E254242C-D8D6-423F-B479-8061BF7FFBAA}
		{9E429969-18DA-4670-BEDC-67F5863D2F1E} = {E254242C-D8D6-423F-B479-8061BF7FFBAA}
		{1422098B-694B-4608-A060-B29CEBFB8789} = {02EA681E-C7D8-13C7-8484-4AC65E1B71E8}
		{3F4C39BD-5E2A-431E-9AB7-1CFD2BEA24D2} = {1422098B-694B-4608-A060-B29CEBFB8789}
		{0C65803E-494D-4C87-BE54-E2DF6B004AC6} = {1422098B-694B-4608-A060-B29CEBFB8789}
		{374D1546-26D2-4932-B070-158DB2865060} = {1422098B-694B-4608-A060-B29CEBFB8789}
		{E826F2EF-4A31-481F-9D02-1686CE1C7BB0} = {1422098B-694B-4608-A060-B29CEBFB8789}
	EndGlobalSection
	GlobalSection(ExtensibilityGlobals) = postSolution
		SolutionGuid = {91A84558-10CA-4017-8BC9-98892E3AEA98}
	EndGlobalSection
EndGlobal
